{
  "name": "@manifoldxyz/royalty-registry-solidity",
  "version": "1.1.0",
  "lockfileVersion": 2,
  "requires": true,
  "packages": {
    "": {
      "name": "@manifoldxyz/royalty-registry-solidity",
      "version": "1.1.0",
      "license": "ISC",
      "dependencies": {
        "@manifoldxyz/libraries-solidity": "^1.0.4",
        "@openzeppelin/contracts": "^4.8.0",
        "@openzeppelin/contracts-upgradeable": "^4.8.0"
      }
    },
    "node_modules/@manifoldxyz/libraries-solidity": {
      "version": "1.0.4",
      "resolved": "https://registry.npmjs.org/@manifoldxyz/libraries-solidity/-/libraries-solidity-1.0.4.tgz",
      "integrity": "sha512-ibU4TgJ6DBp27j/P4KHKb3Sd1kILp1Q7awhU3To3RlL7ytK3G59B8C5YCUIH4sVzUFghs94FWZYmHvWjzW6f5Q==",
      "dependencies": {
        "@openzeppelin/contracts": "4.7.3",
        "@openzeppelin/contracts-upgradeable": "4.7.3"
      }
    },
    "node_modules/@manifoldxyz/libraries-solidity/node_modules/@openzeppelin/contracts": {
      "version": "4.7.3",
      "resolved": "https://registry.npmjs.org/@openzeppelin/contracts/-/contracts-4.7.3.tgz",
      "integrity": "sha512-dGRS0agJzu8ybo44pCIf3xBaPQN/65AIXNgK8+4gzKd5kbvlqyxryUYVLJv7fK98Seyd2hDZzVEHSWAh0Bt1Yw=="
    },
    "node_modules/@manifoldxyz/libraries-solidity/node_modules/@openzeppelin/contracts-upgradeable": {
      "version": "4.7.3",
      "resolved": "https://registry.npmjs.org/@openzeppelin/contracts-upgradeable/-/contracts-upgradeable-4.7.3.tgz",
      "integrity": "sha512-+wuegAMaLcZnLCJIvrVUDzA9z/Wp93f0Dla/4jJvIhijRrPabjQbZe6fWiECLaJyfn5ci9fqf9vTw3xpQOad2A=="
    },
    "node_modules/@openzeppelin/contracts": {
      "version": "4.8.0",
      "resolved": "https://registry.npmjs.org/@openzeppelin/contracts/-/contracts-4.8.0.tgz",
      "integrity": "sha512-AGuwhRRL+NaKx73WKRNzeCxOCOCxpaqF+kp8TJ89QzAipSwZy/NoflkWaL9bywXFRhIzXt8j38sfF7KBKCPWLw=="
    },
    "node_modules/@openzeppelin/contracts-upgradeable": {
      "version": "4.8.0",
      "resolved": "https://registry.npmjs.org/@openzeppelin/contracts-upgradeable/-/contracts-upgradeable-4.8.0.tgz",
      "integrity": "sha512-5GeFgqMiDlqGT8EdORadp1ntGF0qzWZLmEY7Wbp/yVhN7/B3NNzCxujuI77ktlyG81N3CUZP8cZe3ZAQ/cW10w=="
    }
  },
  "dependencies": {
    "@manifoldxyz/libraries-solidity": {
      "version": "1.0.4",
      "resolved": "https://registry.npmjs.org/@manifoldxyz/libraries-solidity/-/libraries-solidity-1.0.4.tgz",
      "integrity": "sha512-ibU4TgJ6DBp27j/P4KHKb3Sd1kILp1Q7awhU3To3RlL7ytK3G59B8C5YCUIH4sVzUFghs94FWZYmHvWjzW6f5Q==",
      "requires": {
        "@openzeppelin/contracts": "4.7.3",
        "@openzeppelin/contracts-upgradeable": "4.7.3"
      },
      "dependencies": {
        "@openzeppelin/contracts": {
          "version": "4.7.3",
          "resolved": "https://registry.npmjs.org/@openzeppelin/contracts/-/contracts-4.7.3.tgz",
          "integrity": "sha512-dGRS0agJzu8ybo44pCIf3xBaPQN/65AIXNgK8+4gzKd5kbvlqyxryUYVLJv7fK98Seyd2hDZzVEHSWAh0Bt1Yw=="
        },
        "@openzeppelin/contracts-upgradeable": {
          "version": "4.7.3",
          "resolved": "https://registry.npmjs.org/@openzeppelin/contracts-upgradeable/-/contracts-upgradeable-4.7.3.tgz",
          "integrity": "sha512-+wuegAMaLcZnLCJIvrVUDzA9z/Wp93f0Dla/4jJvIhijRrPabjQbZe6fWiECLaJyfn5ci9fqf9vTw3xpQOad2A=="
        }
      }
    },
    "@openzeppelin/contracts": {
      "version": "4.8.0",
      "resolved": "https://registry.npmjs.org/@openzeppelin/contracts/-/contracts-4.8.0.tgz",
      "integrity": "sha512-AGuwhRRL+NaKx73WKRNzeCxOCOCxpaqF+kp8TJ89QzAipSwZy/NoflkWaL9bywXFRhIzXt8j38sfF7KBKCPWLw=="
    },
    "@openzeppelin/contracts-upgradeable": {
      "version": "4.8.0",
      "resolved": "https://registry.npmjs.org/@openzeppelin/contracts-upgradeable/-/contracts-upgradeable-4.8.0.tgz",
      "integrity": "sha512-5GeFgqMiDlqGT8EdORadp1ntGF0qzWZLmEY7Wbp/yVhN7/B3NNzCxujuI77ktlyG81N3CUZP8cZe3ZAQ/cW10w=="
    }
  }
}
