# THIS IS AN AUTOGENERATED FILE. DO NOT EDIT THIS FILE DIRECTLY.
# yarn lockfile v1


"@manifoldxyz/libraries-solidity@^1.0.4":
  version "1.0.4"
  resolved "https://registry.yarnpkg.com/@manifoldxyz/libraries-solidity/-/libraries-solidity-1.0.4.tgz#d2b7d7ead11e8d85a27b0f59a8ff0e7b32479866"
  integrity sha512-ibU4TgJ6DBp27j/P4KHKb3Sd1kILp1Q7awhU3To3RlL7ytK3G59B8C5YCUIH4sVzUFghs94FWZYmHvWjzW6f5Q==
  dependencies:
    "@openzeppelin/contracts" "4.7.3"
    "@openzeppelin/contracts-upgradeable" "4.7.3"

"@openzeppelin/contracts-upgradeable@4.7.3":
  version "4.7.3"
  resolved "https://registry.yarnpkg.com/@openzeppelin/contracts-upgradeable/-/contracts-upgradeable-4.7.3.tgz#f1d606e2827d409053f3e908ba4eb8adb1dd6995"
  integrity sha512-+wuegAMaLcZnLCJIvrVUDzA9z/Wp93f0Dla/4jJvIhijRrPabjQbZe6fWiECLaJyfn5ci9fqf9vTw3xpQOad2A==

"@openzeppelin/contracts-upgradeable@^4.8.0":
  version "4.8.2"
  resolved "https://registry.yarnpkg.com/@openzeppelin/contracts-upgradeable/-/contracts-upgradeable-4.8.2.tgz#edef522bdbc46d478481391553bababdd2199e27"
  integrity sha512-zIggnBwemUmmt9IS73qxi+tumALxCY4QEs3zLCII78k0Gfse2hAOdAkuAeLUzvWUpneMUfFE5sGHzEUSTvn4Ag==

"@openzeppelin/contracts@4.7.3":
  version "4.7.3"
  resolved "https://registry.yarnpkg.com/@openzeppelin/contracts/-/contracts-4.7.3.tgz#939534757a81f8d69cc854c7692805684ff3111e"
  integrity sha512-dGRS0agJzu8ybo44pCIf3xBaPQN/65AIXNgK8+4gzKd5kbvlqyxryUYVLJv7fK98Seyd2hDZzVEHSWAh0Bt1Yw==

"@openzeppelin/contracts@^4.8.0":
  version "4.8.2"
  resolved "https://registry.yarnpkg.com/@openzeppelin/contracts/-/contracts-4.8.2.tgz#d815ade0027b50beb9bcca67143c6bcc3e3923d6"
  integrity sha512-kEUOgPQszC0fSYWpbh2kT94ltOJwj1qfT2DWo+zVttmGmf97JZ99LspePNaeeaLhCImaHVeBbjaQFZQn7+Zc5g==
